
Microsoft Visual Studio Solution File, Format Version 12.00
# Visual Studio Version 17
VisualStudioVersion = 17.3.32819.101
MinimumVisualStudioVersion = 10.0.40219.1
Project("{9A19103F-16F7-4668-BE54-9A1E7A4F7556}") = "DataLayer", "DataLayer\DataLayer.csproj", "{2E94D549-E38D-4617-9FA9-55DD229D64B2}"
EndProject
Project("{9A19103F-16F7-4668-BE54-9A1E7A4F7556}") = "Assignment4.Tests", "..\..\..\Desktop\Ass4\Assignment4.Tests\Assignment4.Tests.csproj", "{30B0E6C5-F94F-401B-814F-BE114AFADCB4}"
EndProject
Project("{9A19103F-16F7-4668-BE54-9A1E7A4F7556}") = "WebServer - Backup", "..\..\..\Desktop\Ass4\WebServer\WebServer - Backup.csproj", "{11DDB58B-6D83-4DCA-9179-37A2E4EF8622}"
EndProject
Project("{9A19103F-16F7-4668-BE54-9A1E7A4F7556}") = "WebServer", "..\..\..\Desktop\Ass4\WebServer\WebServer.csproj", "{61A0F481-FC08-4402-865B-8724EDBF6576}"
EndProject
Global
	GlobalSection(SolutionConfigurationPlatforms) = preSolution
		Debug|Any CPU = Debug|Any CPU
		Release|Any CPU = Release|Any CPU
	EndGlobalSection
	GlobalSection(ProjectConfigurationPlatforms) = postSolution
		{2E94D549-E38D-4617-9FA9-55DD229D64B2}.Debug|Any CPU.ActiveCfg = Debug|Any CPU
		{2E94D549-E38D-4617-9FA9-55DD229D64B2}.Debug|Any CPU.Build.0 = Debug|Any CPU
		{2E94D549-E38D-4617-9FA9-55DD229D64B2}.Release|Any CPU.ActiveCfg = Release|Any CPU
		{2E94D549-E38D-4617-9FA9-55DD229D64B2}.Release|Any CPU.Build.0 = Release|Any CPU
		{30B0E6C5-F94F-401B-814F-BE114AFADCB4}.Debug|Any CPU.ActiveCfg = Debug|Any CPU
		{30B0E6C5-F94F-401B-814F-BE114AFADCB4}.Debug|Any CPU.Build.0 = Debug|Any CPU
		{30B0E6C5-F94F-401B-814F-BE114AFADCB4}.Release|Any CPU.ActiveCfg = Release|Any CPU
		{30B0E6C5-F94F-401B-814F-BE114AFADCB4}.Release|Any CPU.Build.0 = Release|Any CPU
		{11DDB58B-6D83-4DCA-9179-37A2E4EF8622}.Debug|Any CPU.ActiveCfg = Debug|Any CPU
		{11DDB58B-6D83-4DCA-9179-37A2E4EF8622}.Debug|Any CPU.Build.0 = Debug|Any CPU
		{11DDB58B-6D83-4DCA-9179-37A2E4EF8622}.Release|Any CPU.ActiveCfg = Release|Any CPU
		{11DDB58B-6D83-4DCA-9179-37A2E4EF8622}.Release|Any CPU.Build.0 = Release|Any CPU
		{61A0F481-FC08-4402-865B-8724EDBF6576}.Debug|Any CPU.ActiveCfg = Debug|Any CPU
		{61A0F481-FC08-4402-865B-8724EDBF6576}.Debug|Any CPU.Build.0 = Debug|Any CPU
		{61A0F481-FC08-4402-865B-8724EDBF6576}.Release|Any CPU.ActiveCfg = Release|Any CPU
		{61A0F481-FC08-4402-865B-8724EDBF6576}.Release|Any CPU.Build.0 = Release|Any CPU
	EndGlobalSection
	GlobalSection(SolutionProperties) = preSolution
		HideSolutionNode = FALSE
	EndGlobalSection
	GlobalSection(ExtensibilityGlobals) = postSolution
		SolutionGuid = {83A0BD13-5647-44EF-A8AC-8859202785B9}
	EndGlobalSection
EndGlobal
